
Microsoft Visual Studio Solution File, Format Version 12.00
# Visual Studio 15
Project("{FAE04EC0-301F-11D3-BF4B-00C04F79EFBC}") = "Test.Android", "Test.Android\Test.Android.csproj", "{DBB714E2-DEE9-411F-A320-5E9E31BE1421}"
EndProject
Project("{FAE04EC0-301F-11D3-BF4B-00C04F79EFBC}") = "Test.iOS", "Test.iOS\Test.iOS.csproj", "{189BE110-57A7-41CB-8B59-AAA4183AC3FC}"
EndProject
Project("{FAE04EC0-301F-11D3-BF4B-00C04F79EFBC}") = "Test", "Test\Test.csproj", "{FA5B4B48-0C51-4258-AC4F-6A09A66718BB}"
EndProject
Global
	GlobalSection(SolutionConfigurationPlatforms) = preSolution
		Debug|Any CPU = Debug|Any CPU
		Release|Any CPU = Release|Any CPU
		Debug|iPhoneSimulator = Debug|iPhoneSimulator
		Release|iPhoneSimulator = Release|iPhoneSimulator
		Debug|iPhone = Debug|iPhone
		Release|iPhone = Release|iPhone
	EndGlobalSection
	GlobalSection(ProjectConfigurationPlatforms) = postSolution
		{DBB714E2-DEE9-411F-A320-5E9E31BE1421}.Debug|Any CPU.ActiveCfg = Debug|Any CPU
		{DBB714E2-DEE9-411F-A320-5E9E31BE1421}.Debug|Any CPU.Build.0 = Debug|Any CPU
		{DBB714E2-DEE9-411F-A320-5E9E31BE1421}.Release|Any CPU.ActiveCfg = Release|Any CPU
		{DBB714E2-DEE9-411F-A320-5E9E31BE1421}.Release|Any CPU.Build.0 = Release|Any CPU
		{DBB714E2-DEE9-411F-A320-5E9E31BE1421}.Debug|iPhoneSimulator.ActiveCfg = Debug|Any CPU
		{DBB714E2-DEE9-411F-A320-5E9E31BE1421}.Debug|iPhoneSimulator.Build.0 = Debug|Any CPU
		{DBB714E2-DEE9-411F-A320-5E9E31BE1421}.Release|iPhoneSimulator.ActiveCfg = Release|Any CPU
		{DBB714E2-DEE9-411F-A320-5E9E31BE1421}.Release|iPhoneSimulator.Build.0 = Release|Any CPU
		{DBB714E2-DEE9-411F-A320-5E9E31BE1421}.Debug|iPhone.ActiveCfg = Debug|Any CPU
		{DBB714E2-DEE9-411F-A320-5E9E31BE1421}.Debug|iPhone.Build.0 = Debug|Any CPU
		{DBB714E2-DEE9-411F-A320-5E9E31BE1421}.Release|iPhone.ActiveCfg = Release|Any CPU
		{DBB714E2-DEE9-411F-A320-5E9E31BE1421}.Release|iPhone.Build.0 = Release|Any CPU
		{189BE110-57A7-41CB-8B59-AAA4183AC3FC}.Debug|Any CPU.ActiveCfg = Debug|iPhoneSimulator
		{189BE110-57A7-41CB-8B59-AAA4183AC3FC}.Debug|Any CPU.Build.0 = Debug|iPhoneSimulator
		{189BE110-57A7-41CB-8B59-AAA4183AC3FC}.Release|Any CPU.ActiveCfg = Release|iPhoneSimulator
		{189BE110-57A7-41CB-8B59-AAA4183AC3FC}.Release|Any CPU.Build.0 = Release|iPhoneSimulator
		{189BE110-57A7-41CB-8B59-AAA4183AC3FC}.Debug|iPhoneSimulator.ActiveCfg = Debug|iPhoneSimulator
		{189BE110-57A7-41CB-8B59-AAA4183AC3FC}.Debug|iPhoneSimulator.Build.0 = Debug|iPhoneSimulator
		{189BE110-57A7-41CB-8B59-AAA4183AC3FC}.Release|iPhoneSimulator.ActiveCfg = Release|iPhoneSimulator
		{189BE110-57A7-41CB-8B59-AAA4183AC3FC}.Release|iPhoneSimulator.Build.0 = Release|iPhoneSimulator
		{189BE110-57A7-41CB-8B59-AAA4183AC3FC}.Debug|iPhone.ActiveCfg = Debug|iPhone
		{189BE110-57A7-41CB-8B59-AAA4183AC3FC}.Debug|iPhone.Build.0 = Debug|iPhone
		{189BE110-57A7-41CB-8B59-AAA4183AC3FC}.Release|iPhone.ActiveCfg = Release|iPhone
		{189BE110-57A7-41CB-8B59-AAA4183AC3FC}.Release|iPhone.Build.0 = Release|iPhone
		{FA5B4B48-0C51-4258-AC4F-6A09A66718BB}.Debug|Any CPU.ActiveCfg = Debug|Any CPU
		{FA5B4B48-0C51-4258-AC4F-6A09A66718BB}.Debug|Any CPU.Build.0 = Debug|Any CPU
		{FA5B4B48-0C51-4258-AC4F-6A09A66718BB}.Release|Any CPU.ActiveCfg = Release|Any CPU
		{FA5B4B48-0C51-4258-AC4F-6A09A66718BB}.Release|Any CPU.Build.0 = Release|Any CPU
		{FA5B4B48-0C51-4258-AC4F-6A09A66718BB}.Debug|iPhoneSimulator.ActiveCfg = Debug|Any CPU
		{FA5B4B48-0C51-4258-AC4F-6A09A66718BB}.Debug|iPhoneSimulator.Build.0 = Debug|Any CPU
		{FA5B4B48-0C51-4258-AC4F-6A09A66718BB}.Release|iPhoneSimulator.ActiveCfg = Release|Any CPU
		{FA5B4B48-0C51-4258-AC4F-6A09A66718BB}.Release|iPhoneSimulator.Build.0 = Release|Any CPU
		{FA5B4B48-0C51-4258-AC4F-6A09A66718BB}.Debug|iPhone.ActiveCfg = Debug|Any CPU
		{FA5B4B48-0C51-4258-AC4F-6A09A66718BB}.Debug|iPhone.Build.0 = Debug|Any CPU
		{FA5B4B48-0C51-4258-AC4F-6A09A66718BB}.Release|iPhone.ActiveCfg = Release|Any CPU
		{FA5B4B48-0C51-4258-AC4F-6A09A66718BB}.Release|iPhone.Build.0 = Release|Any CPU
	EndGlobalSection
EndGlobal
